
Microsoft Visual Studio Solution File, Format Version 12.00
# Visual Studio Version 16
VisualStudioVersion = 16.0.30406.217
MinimumVisualStudioVersion = 10.0.40219.1
Project("{FAE04EC0-301F-11D3-BF4B-00C04F79EFBC}") = "Day3_HW", "Day3_HW.csproj", "{5B7552B5-2202-4808-93F6-16041A5D5AA3}"
EndProject
Global
	GlobalSection(SolutionConfigurationPlatforms) = preSolution
		Debug|Any CPU = Debug|Any CPU
		Release|Any CPU = Release|Any CPU
	EndGlobalSection
	GlobalSection(ProjectConfigurationPlatforms) = postSolution
		{5B7552B5-2202-4808-93F6-16041A5D5AA3}.Debug|Any CPU.ActiveCfg = Debug|Any CPU
		{5B7552B5-2202-4808-93F6-16041A5D5AA3}.Debug|Any CPU.Build.0 = Debug|Any CPU
		{5B7552B5-2202-4808-93F6-16041A5D5AA3}.Release|Any CPU.ActiveCfg = Release|Any CPU
		{5B7552B5-2202-4808-93F6-16041A5D5AA3}.Release|Any CPU.Build.0 = Release|Any CPU
	EndGlobalSection
	GlobalSection(SolutionProperties) = preSolution
		HideSolutionNode = FALSE
	EndGlobalSection
	GlobalSection(ExtensibilityGlobals) = postSolution
		SolutionGuid = {7318A178-CC55-421F-81A0-09026489AEC9}
	EndGlobalSection
EndGlobal
